// !$*UTF8*$!
{
	archiveVersion = 1;
	classes = {
	};
	objectVersion = 50;
	objects = {

/* Begin PBXBuildFile section */
		3A6B89C1214A037A003F5323 /* AppDelegate.swift in Sources */ = {isa = PBXBuildFile; fileRef = 3A6B89C0214A037A003F5323 /* AppDelegate.swift */; };
		3A6B89C3214A037A003F5323 /* ViewController.swift in Sources */ = {isa = PBXBuildFile; fileRef = 3A6B89C2214A037A003F5323 /* ViewController.swift */; };
		3A6B89C6214A037A003F5323 /* Main.storyboard in Resources */ = {isa = PBXBuildFile; fileRef = 3A6B89C4214A037A003F5323 /* Main.storyboard */; };
		3A6B89C8214A037B003F5323 /* Assets.xcassets in Resources */ = {isa = PBXBuildFile; fileRef = 3A6B89C7214A037B003F5323 /* Assets.xcassets */; };
		3A6B89CB214A037B003F5323 /* LaunchScreen.storyboard in Resources */ = {isa = PBXBuildFile; fileRef = 3A6B89C9214A037B003F5323 /* LaunchScreen.storyboard */; };
		3A6B89D6214A037B003F5323 /* MGAlertPresenterTests.swift in Sources */ = {isa = PBXBuildFile; fileRef = 3A6B89D5214A037B003F5323 /* MGAlertPresenterTests.swift */; };
		3A6B89E1214A037B003F5323 /* MGAlertPresenterUITests.swift in Sources */ = {isa = PBXBuildFile; fileRef = 3A6B89E0214A037B003F5323 /* MGAlertPresenterUITests.swift */; };
/* End PBXBuildFile section */

/* Begin PBXContainerItemProxy section */
		3A6B89D2214A037B003F5323 /* PBXContainerItemProxy */ = {
			isa = PBXContainerItemProxy;
			containerPortal = 3A6B89B5214A037A003F5323 /* Project object */;
			proxyType = 1;
			remoteGlobalIDString = 3A6B89BC214A037A003F5323;
			remoteInfo = MGAlertPresenter;
		};
		3A6B89DD214A037B003F5323 /* PBXContainerItemProxy */ = {
			isa = PBXContainerItemProxy;
			containerPortal = 3A6B89B5214A037A003F5323 /* Project object */;
			proxyType = 1;
			remoteGlobalIDString = 3A6B89BC214A037A003F5323;
			remoteInfo = MGAlertPresenter;
		};
/* End PBXContainerItemProxy section */

/* Begin PBXFileReference section */
		3A6B89BD214A037A003F5323 /* MGAlertPresenter.app */ = {isa = PBXFileReference; explicitFileType = wrapper.application; includeInIndex = 0; path = MGAlertPresenter.app; sourceTree = BUILT_PRODUCTS_DIR; };
		3A6B89C0214A037A003F5323 /* AppDelegate.swift */ = {isa = PBXFileReference; lastKnownFileType = sourcecode.swift; path = AppDelegate.swift; sourceTree = "<group>"; };
		3A6B89C2214A037A003F5323 /* ViewController.swift */ = {isa = PBXFileReference; lastKnownFileType = sourcecode.swift; path = ViewController.swift; sourceTree = "<group>"; };
		3A6B89C5214A037A003F5323 /* Base */ = {isa = PBXFileReference; lastKnownFileType = file.storyboard; name = Base; path = Base.lproj/Main.storyboard; sourceTree = "<group>"; };
		3A6B89C7214A037B003F5323 /* Assets.xcassets */ = {isa = PBXFileReference; lastKnownFileType = folder.assetcatalog; path = Assets.xcassets; sourceTree = "<group>"; };
		3A6B89CA214A037B003F5323 /* Base */ = {isa = PBXFileReference; lastKnownFileType = file.storyboard; name = Base; path = Base.lproj/LaunchScreen.storyboard; sourceTree = "<group>"; };
		3A6B89CC214A037B003F5323 /* Info.plist */ = {isa = PBXFileReference; lastKnownFileType = text.plist.xml; path = Info.plist; sourceTree = "<group>"; };
		3A6B89D1214A037B003F5323 /* MGAlertPresenterTests.xctest */ = {isa = PBXFileReference; explicitFileType = wrapper.cfbundle; includeInIndex = 0; path = MGAlertPresenterTests.xctest; sourceTree = BUILT_PRODUCTS_DIR; };
		3A6B89D5214A037B003F5323 /* MGAlertPresenterTests.swift */ = {isa = PBXFileReference; lastKnownFileType = sourcecode.swift; path = MGAlertPresenterTests.swift; sourceTree = "<group>"; };
		3A6B89D7214A037B003F5323 /* Info.plist */ = {isa = PBXFileReference; lastKnownFileType = text.plist.xml; path = Info.plist; sourceTree = "<group>"; };
		3A6B89DC214A037B003F5323 /* MGAlertPresenterUITests.xctest */ = {isa = PBXFileReference; explicitFileType = wrapper.cfbundle; includeInIndex = 0; path = MGAlertPresenterUITests.xctest; sourceTree = BUILT_PRODUCTS_DIR; };
		3A6B89E0214A037B003F5323 /* MGAlertPresenterUITests.swift */ = {isa = PBXFileReference; lastKnownFileType = sourcecode.swift; path = MGAlertPresenterUITests.swift; sourceTree = "<group>"; };
		3A6B89E2214A037B003F5323 /* Info.plist */ = {isa = PBXFileReference; lastKnownFileType = text.plist.xml; path = Info.plist; sourceTree = "<group>"; };
/* End PBXFileReference section */

/* Begin PBXFrameworksBuildPhase section */
		3A6B89BA214A037A003F5323 /* Frameworks */ = {
			isa = PBXFrameworksBuildPhase;
			buildActionMask = 2147483647;
			files = (
			);
			runOnlyForDeploymentPostprocessing = 0;
		};
		3A6B89CE214A037B003F5323 /* Frameworks */ = {
			isa = PBXFrameworksBuildPhase;
			buildActionMask = 2147483647;
			files = (
			);
			runOnlyForDeploymentPostprocessing = 0;
		};
		3A6B89D9214A037B003F5323 /* Frameworks */ = {
			isa = PBXFrameworksBuildPhase;
			buildActionMask = 2147483647;
			files = (
			);
			runOnlyForDeploymentPostprocessing = 0;
		};
/* End PBXFrameworksBuildPhase section */

/* Begin PBXGroup section */
		3A6B89B4214A037A003F5323 = {
			isa = PBXGroup;
			children = (
				3A6B89BF214A037A003F5323 /* MGAlertPresenter */,
				3A6B89D4214A037B003F5323 /* MGAlertPresenterTests */,
				3A6B89DF214A037B003F5323 /* MGAlertPresenterUITests */,
				3A6B89BE214A037A003F5323 /* Products */,
			);
			sourceTree = "<group>";
		};
		3A6B89BE214A037A003F5323 /* Products */ = {
			isa = PBXGroup;
			children = (
				3A6B89BD214A037A003F5323 /* MGAlertPresenter.app */,
				3A6B89D1214A037B003F5323 /* MGAlertPresenterTests.xctest */,
				3A6B89DC214A037B003F5323 /* MGAlertPresenterUITests.xctest */,
			);
			name = Products;
			sourceTree = "<group>";
		};
		3A6B89BF214A037A003F5323 /* MGAlertPresenter */ = {
			isa = PBXGroup;
			children = (
				3A6B89C0214A037A003F5323 /* AppDelegate.swift */,
				3A6B89C2214A037A003F5323 /* ViewController.swift */,
				3A6B89C4214A037A003F5323 /* Main.storyboard */,
				3A6B89C7214A037B003F5323 /* Assets.xcassets */,
				3A6B89C9214A037B003F5323 /* LaunchScreen.storyboard */,
				3A6B89CC214A037B003F5323 /* Info.plist */,
			);
			path = MGAlertPresenter;
			sourceTree = "<group>";
		};
		3A6B89D4214A037B003F5323 /* MGAlertPresenterTests */ = {
			isa = PBXGroup;
			children = (
				3A6B89D5214A037B003F5323 /* MGAlertPresenterTests.swift */,
				3A6B89D7214A037B003F5323 /* Info.plist */,
			);
			path = MGAlertPresenterTests;
			sourceTree = "<group>";
		};
		3A6B89DF214A037B003F5323 /* MGAlertPresenterUITests */ = {
			isa = PBXGroup;
			children = (
				3A6B89E0214A037B003F5323 /* MGAlertPresenterUITests.swift */,
				3A6B89E2214A037B003F5323 /* Info.plist */,
			);
			path = MGAlertPresenterUITests;
			sourceTree = "<group>";
		};
/* End PBXGroup section */

/* Begin PBXNativeTarget section */
		3A6B89BC214A037A003F5323 /* MGAlertPresenter */ = {
			isa = PBXNativeTarget;
			buildConfigurationList = 3A6B89E5214A037B003F5323 /* Build configuration list for PBXNativeTarget "MGAlertPresenter" */;
			buildPhases = (
				3A6B89B9214A037A003F5323 /* Sources */,
				3A6B89BA214A037A003F5323 /* Frameworks */,
				3A6B89BB214A037A003F5323 /* Resources */,
			);
			buildRules = (
			);
			dependencies = (
			);
			name = MGAlertPresenter;
			productName = MGAlertPresenter;
			productReference = 3A6B89BD214A037A003F5323 /* MGAlertPresenter.app */;
			productType = "com.apple.product-type.application";
		};
		3A6B89D0214A037B003F5323 /* MGAlertPresenterTests */ = {
			isa = PBXNativeTarget;
			buildConfigurationList = 3A6B89E8214A037B003F5323 /* Build configuration list for PBXNativeTarget "MGAlertPresenterTests" */;
			buildPhases = (
				3A6B89CD214A037B003F5323 /* Sources */,
				3A6B89CE214A037B003F5323 /* Frameworks */,
				3A6B89CF214A037B003F5323 /* Resources */,
			);
			buildRules = (
			);
			dependencies = (
				3A6B89D3214A037B003F5323 /* PBXTargetDependency */,
			);
			name = MGAlertPresenterTests;
			productName = MGAlertPresenterTests;
			productReference = 3A6B89D1214A037B003F5323 /* MGAlertPresenterTests.xctest */;
			productType = "com.apple.product-type.bundle.unit-test";
		};
		3A6B89DB214A037B003F5323 /* MGAlertPresenterUITests */ = {
			isa = PBXNativeTarget;
			buildConfigurationList = 3A6B89EB214A037B003F5323 /* Build configuration list for PBXNativeTarget "MGAlertPresenterUITests" */;
			buildPhases = (
				3A6B89D8214A037B003F5323 /* Sources */,
				3A6B89D9214A037B003F5323 /* Frameworks */,
				3A6B89DA214A037B003F5323 /* Resources */,
			);
			buildRules = (
			);
			dependencies = (
				3A6B89DE214A037B003F5323 /* PBXTargetDependency */,
			);
			name = MGAlertPresenterUITests;
			productName = MGAlertPresenterUITests;
			productReference = 3A6B89DC214A037B003F5323 /* MGAlertPresenterUITests.xctest */;
			productType = "com.apple.product-type.bundle.ui-testing";
		};
/* End PBXNativeTarget section */

/* Begin PBXProject section */
		3A6B89B5214A037A003F5323 /* Project object */ = {
			isa = PBXProject;
			attributes = {
				LastSwiftUpdateCheck = 0940;
				LastUpgradeCheck = 0940;
				ORGANIZATIONNAME = "Gupta, Mrigank";
				TargetAttributes = {
					3A6B89BC214A037A003F5323 = {
						CreatedOnToolsVersion = 9.4.1;
					};
					3A6B89D0214A037B003F5323 = {
						CreatedOnToolsVersion = 9.4.1;
						TestTargetID = 3A6B89BC214A037A003F5323;
					};
					3A6B89DB214A037B003F5323 = {
						CreatedOnToolsVersion = 9.4.1;
						TestTargetID = 3A6B89BC214A037A003F5323;
					};
				};
			};
			buildConfigurationList = 3A6B89B8214A037A003F5323 /* Build configuration list for PBXProject "MGAlertPresenter" */;
			compatibilityVersion = "Xcode 9.3";
			developmentRegion = en;
			hasScannedForEncodings = 0;
			knownRegions = (
				en,
				Base,
			);
			mainGroup = 3A6B89B4214A037A003F5323;
			productRefGroup = 3A6B89BE214A037A003F5323 /* Products */;
			projectDirPath = "";
			projectRoot = "";
			targets = (
				3A6B89BC214A037A003F5323 /* MGAlertPresenter */,
				3A6B89D0214A037B003F5323 /* MGAlertPresenterTests */,
				3A6B89DB214A037B003F5323 /* MGAlertPresenterUITests */,
			);
		};
/* End PBXProject section */

/* Begin PBXResourcesBuildPhase section */
		3A6B89BB214A037A003F5323 /* Resources */ = {
			isa = PBXResourcesBuildPhase;
			buildActionMask = 2147483647;
			files = (
				3A6B89CB214A037B003F5323 /* LaunchScreen.storyboard in Resources */,
				3A6B89C8214A037B003F5323 /* Assets.xcassets in Resources */,
				3A6B89C6214A037A003F5323 /* Main.storyboard in Resources */,
			);
			runOnlyForDeploymentPostprocessing = 0;
		};
		3A6B89CF214A037B003F5323 /* Resources */ = {
			isa = PBXResourcesBuildPhase;
			buildActionMask = 2147483647;
			files = (
			);
			runOnlyForDeploymentPostprocessing = 0;
		};
		3A6B89DA214A037B003F5323 /* Resources */ = {
			isa = PBXResourcesBuildPhase;
			buildActionMask = 2147483647;
			files = (
			);
			runOnlyForDeploymentPostprocessing = 0;
		};
/* End PBXResourcesBuildPhase section */

/* Begin PBXSourcesBuildPhase section */
		3A6B89B9214A037A003F5323 /* Sources */ = {
			isa = PBXSourcesBuildPhase;
			buildActionMask = 2147483647;
			files = (
				3A6B89C3214A037A003F5323 /* ViewController.swift in Sources */,
				3A6B89C1214A037A003F5323 /* AppDelegate.swift in Sources */,
			);
			runOnlyForDeploymentPostprocessing = 0;
		};
		3A6B89CD214A037B003F5323 /* Sources */ = {
			isa = PBXSourcesBuildPhase;
			buildActionMask = 2147483647;
			files = (
				3A6B89D6214A037B003F5323 /* MGAlertPresenterTests.swift in Sources */,
			);
			runOnlyForDeploymentPostprocessing = 0;
		};
		3A6B89D8214A037B003F5323 /* Sources */ = {
			isa = PBXSourcesBuildPhase;
			buildActionMask = 2147483647;
			files = (
				3A6B89E1214A037B003F5323 /* MGAlertPresenterUITests.swift in Sources */,
			);
			runOnlyForDeploymentPostprocessing = 0;
		};
/* End PBXSourcesBuildPhase section */

/* Begin PBXTargetDependency section */
		3A6B89D3214A037B003F5323 /* PBXTargetDependency */ = {
			isa = PBXTargetDependency;
			target = 3A6B89BC214A037A003F5323 /* MGAlertPresenter */;
			targetProxy = 3A6B89D2214A037B003F5323 /* PBXContainerItemProxy */;
		};
		3A6B89DE214A037B003F5323 /* PBXTargetDependency */ = {
			isa = PBXTargetDependency;
			target = 3A6B89BC214A037A003F5323 /* MGAlertPresenter */;
			targetProxy = 3A6B89DD214A037B003F5323 /* PBXContainerItemProxy */;
		};
/* End PBXTargetDependency section */

/* Begin PBXVariantGroup section */
		3A6B89C4214A037A003F5323 /* Main.storyboard */ = {
			isa = PBXVariantGroup;
			children = (
				3A6B89C5214A037A003F5323 /* Base */,
			);
			name = Main.storyboard;
			sourceTree = "<group>";
		};
		3A6B89C9214A037B003F5323 /* LaunchScreen.storyboard */ = {
			isa = PBXVariantGroup;
			children = (
				3A6B89CA214A037B003F5323 /* Base */,
			);
			name = LaunchScreen.storyboard;
			sourceTree = "<group>";
		};
/* End PBXVariantGroup section */

/* Begin XCBuildConfiguration section */
		3A6B89E3214A037B003F5323 /* Debug */ = {
			isa = XCBuildConfiguration;
			buildSettings = {
				ALWAYS_SEARCH_USER_PATHS = NO;
				CLANG_ANALYZER_NONNULL = YES;
				CLANG_ANALYZER_NUMBER_OBJECT_CONVERSION = YES_AGGRESSIVE;
				CLANG_CXX_LANGUAGE_STANDARD = "gnu++14";
				CLANG_CXX_LIBRARY = "libc++";
				CLANG_ENABLE_MODULES = YES;
				CLANG_ENABLE_OBJC_ARC = YES;
				CLANG_ENABLE_OBJC_WEAK = YES;
				CLANG_WARN_BLOCK_CAPTURE_AUTORELEASING = YES;
				CLANG_WARN_BOOL_CONVERSION = YES;
				CLANG_WARN_COMMA = YES;
				CLANG_WARN_CONSTANT_CONVERSION = YES;
				CLANG_WARN_DEPRECATED_OBJC_IMPLEMENTATIONS = YES;
				CLANG_WARN_DIRECT_OBJC_ISA_USAGE = YES_ERROR;
				CLANG_WARN_DOCUMENTATION_COMMENTS = YES;
				CLANG_WARN_EMPTY_BODY = YES;
				CLANG_WARN_ENUM_CONVERSION = YES;
				CLANG_WARN_INFINITE_RECURSION = YES;
				CLANG_WARN_INT_CONVERSION = YES;
				CLANG_WARN_NON_LITERAL_NULL_CONVERSION = YES;
				CLANG_WARN_OBJC_IMPLICIT_RETAIN_SELF = YES;
				CLANG_WARN_OBJC_LITERAL_CONVERSION = YES;
				CLANG_WARN_OBJC_ROOT_CLASS = YES_ERROR;
				CLANG_WARN_RANGE_LOOP_ANALYSIS = YES;
				CLANG_WARN_STRICT_PROTOTYPES = YES;
				CLANG_WARN_SUSPICIOUS_MOVE = YES;
				CLANG_WARN_UNGUARDED_AVAILABILITY = YES_AGGRESSIVE;
				CLANG_WARN_UNREACHABLE_CODE = YES;
				CLANG_WARN__DUPLICATE_METHOD_MATCH = YES;
				CODE_SIGN_IDENTITY = "iPhone Developer";
				COPY_PHASE_STRIP = NO;
				DEBUG_INFORMATION_FORMAT = dwarf;
				ENABLE_STRICT_OBJC_MSGSEND = YES;
				ENABLE_TESTABILITY = YES;
				GCC_C_LANGUAGE_STANDARD = gnu11;
				GCC_DYNAMIC_NO_PIC = NO;
				GCC_NO_COMMON_BLOCKS = YES;
				GCC_OPTIMIZATION_LEVEL = 0;
				GCC_PREPROCESSOR_DEFINITIONS = (
					"DEBUG=1",
					"$(inherited)",
				);
				GCC_WARN_64_TO_32_BIT_CONVERSION = YES;
				GCC_WARN_ABOUT_RETURN_TYPE = YES_ERROR;
				GCC_WARN_UNDECLARED_SELECTOR = YES;
				GCC_WARN_UNINITIALIZED_AUTOS = YES_AGGRESSIVE;
				GCC_WARN_UNUSED_FUNCTION = YES;
				GCC_WARN_UNUSED_VARIABLE = YES;
				IPHONEOS_DEPLOYMENT_TARGET = 11.4;
				MTL_ENABLE_DEBUG_INFO = YES;
				ONLY_ACTIVE_ARCH = YES;
				SDKROOT = iphoneos;
				SWIFT_ACTIVE_COMPILATION_CONDITIONS = DEBUG;
				SWIFT_OPTIMIZATION_LEVEL = "-Onone";
			};
			name = Debug;
		};
		3A6B89E4214A037B003F5323 /* Release */ = {
			isa = XCBuildConfiguration;
			buildSettings = {
				ALWAYS_SEARCH_USER_PATHS = NO;
				CLANG_ANALYZER_NONNULL = YES;
				CLANG_ANALYZER_NUMBER_OBJECT_CONVERSION = YES_AGGRESSIVE;
				CLANG_CXX_LANGUAGE_STANDARD = "gnu++14";
				CLANG_CXX_LIBRARY = "libc++";
				CLANG_ENABLE_MODULES = YES;
				CLANG_ENABLE_OBJC_ARC = YES;
				CLANG_ENABLE_OBJC_WEAK = YES;
				CLANG_WARN_BLOCK_CAPTURE_AUTORELEASING = YES;
				CLANG_WARN_BOOL_CONVERSION = YES;
				CLANG_WARN_COMMA = YES;
				CLANG_WARN_CONSTANT_CONVERSION = YES;
				CLANG_WARN_DEPRECATED_OBJC_IMPLEMENTATIONS = YES;
				CLANG_WARN_DIRECT_OBJC_ISA_USAGE = YES_ERROR;
				CLANG_WARN_DOCUMENTATION_COMMENTS = YES;
				CLANG_WARN_EMPTY_BODY = YES;
				CLANG_WARN_ENUM_CONVERSION = YES;
				CLANG_WARN_INFINITE_RECURSION = YES;
				CLANG_WARN_INT_CONVERSION = YES;
				CLANG_WARN_NON_LITERAL_NULL_CONVERSION = YES;
				CLANG_WARN_OBJC_IMPLICIT_RETAIN_SELF = YES;
				CLANG_WARN_OBJC_LITERAL_CONVERSION = YES;
				CLANG_WARN_OBJC_ROOT_CLASS = YES_ERROR;
				CLANG_WARN_RANGE_LOOP_ANALYSIS = YES;
				CLANG_WARN_STRICT_PROTOTYPES = YES;
				CLANG_WARN_SUSPICIOUS_MOVE = YES;
				CLANG_WARN_UNGUARDED_AVAILABILITY = YES_AGGRESSIVE;
				CLANG_WARN_UNREACHABLE_CODE = YES;
				CLANG_WARN__DUPLICATE_METHOD_MATCH = YES;
				CODE_SIGN_IDENTITY = "iPhone Developer";
				COPY_PHASE_STRIP = NO;
				DEBUG_INFORMATION_FORMAT = "dwarf-with-dsym";
				ENABLE_NS_ASSERTIONS = NO;
				ENABLE_STRICT_OBJC_MSGSEND = YES;
				GCC_C_LANGUAGE_STANDARD = gnu11;
				GCC_NO_COMMON_BLOCKS = YES;
				GCC_WARN_64_TO_32_BIT_CONVERSION = YES;
				GCC_WARN_ABOUT_RETURN_TYPE = YES_ERROR;
				GCC_WARN_UNDECLARED_SELECTOR = YES;
				GCC_WARN_UNINITIALIZED_AUTOS = YES_AGGRESSIVE;
				GCC_WARN_UNUSED_FUNCTION = YES;
				GCC_WARN_UNUSED_VARIABLE = YES;
				IPHONEOS_DEPLOYMENT_TARGET = 11.4;
				MTL_ENABLE_DEBUG_INFO = NO;
				SDKROOT = iphoneos;
				SWIFT_COMPILATION_MODE = wholemodule;
				SWIFT_OPTIMIZATION_LEVEL = "-O";
				VALIDATE_PRODUCT = YES;
			};
			name = Release;
		};
		3A6B89E6214A037B003F5323 /* Debug */ = {
			isa = XCBuildConfiguration;
			buildSettings = {
				ASSETCATALOG_COMPILER_APPICON_NAME = AppIcon;
				CODE_SIGN_STYLE = Automatic;
				INFOPLIST_FILE = MGAlertPresenter/Info.plist;
				LD_RUNPATH_SEARCH_PATHS = (
					"$(inherited)",
					"@executable_path/Frameworks",
				);
				PRODUCT_BUNDLE_IDENTIFIER = com.cogicx.MGAlertPresenter;
				PRODUCT_NAME = "$(TARGET_NAME)";
				SWIFT_VERSION = 4.0;
				TARGETED_DEVICE_FAMILY = "1,2";
			};
			name = Debug;
		};
		3A6B89E7214A037B003F5323 /* Release */ = {
			isa = XCBuildConfiguration;
			buildSettings = {
				ASSETCATALOG_COMPILER_APPICON_NAME = AppIcon;
				CODE_SIGN_STYLE = Automatic;
				INFOPLIST_FILE = MGAlertPresenter/Info.plist;
				LD_RUNPATH_SEARCH_PATHS = (
					"$(inherited)",
					"@executable_path/Frameworks",
				);
				PRODUCT_BUNDLE_IDENTIFIER = com.cogicx.MGAlertPresenter;
				PRODUCT_NAME = "$(TARGET_NAME)";
				SWIFT_VERSION = 4.0;
				TARGETED_DEVICE_FAMILY = "1,2";
			};
			name = Release;
		};
		3A6B89E9214A037B003F5323 /* Debug */ = {
			isa = XCBuildConfiguration;
			buildSettings = {
				ALWAYS_EMBED_SWIFT_STANDARD_LIBRARIES = YES;
				BUNDLE_LOADER = "$(TEST_HOST)";
				CODE_SIGN_STYLE = Automatic;
				INFOPLIST_FILE = MGAlertPresenterTests/Info.plist;
				LD_RUNPATH_SEARCH_PATHS = (
					"$(inherited)",
					"@executable_path/Frameworks",
					"@loader_path/Frameworks",
				);
				PRODUCT_BUNDLE_IDENTIFIER = com.cogicx.MGAlertPresenterTests;
				PRODUCT_NAME = "$(TARGET_NAME)";
				SWIFT_VERSION = 4.0;
				TARGETED_DEVICE_FAMILY = "1,2";
				TEST_HOST = "$(BUILT_PRODUCTS_DIR)/MGAlertPresenter.app/MGAlertPresenter";
			};
			name = Debug;
		};
		3A6B89EA214A037B003F5323 /* Release */ = {
			isa = XCBuildConfiguration;
			buildSettings = {
				ALWAYS_EMBED_SWIFT_STANDARD_LIBRARIES = YES;
				BUNDLE_LOADER = "$(TEST_HOST)";
				CODE_SIGN_STYLE = Automatic;
				INFOPLIST_FILE = MGAlertPresenterTests/Info.plist;
				LD_RUNPATH_SEARCH_PATHS = (
					"$(inherited)",
					"@executable_path/Frameworks",
					"@loader_path/Frameworks",
				);
				PRODUCT_BUNDLE_IDENTIFIER = com.cogicx.MGAlertPresenterTests;
				PRODUCT_NAME = "$(TARGET_NAME)";
				SWIFT_VERSION = 4.0;
				TARGETED_DEVICE_FAMILY = "1,2";
				TEST_HOST = "$(BUILT_PRODUCTS_DIR)/MGAlertPresenter.app/MGAlertPresenter";
			};
			name = Release;
		};
		3A6B89EC214A037B003F5323 /* Debug */ = {
			isa = XCBuildConfiguration;
			buildSettings = {
				ALWAYS_EMBED_SWIFT_STANDARD_LIBRARIES = YES;
				CODE_SIGN_STYLE = Automatic;
				INFOPLIST_FILE = MGAlertPresenterUITests/Info.plist;
				LD_RUNPATH_SEARCH_PATHS = (
					"$(inherited)",
					"@executable_path/Frameworks",
					"@loader_path/Frameworks",
				);
				PRODUCT_BUNDLE_IDENTIFIER = com.cogicx.MGAlertPresenterUITests;
				PRODUCT_NAME = "$(TARGET_NAME)";
				SWIFT_VERSION = 4.0;
				TARGETED_DEVICE_FAMILY = "1,2";
				TEST_TARGET_NAME = MGAlertPresenter;
			};
			name = Debug;
		};
		3A6B89ED214A037B003F5323 /* Release */ = {
			isa = XCBuildConfiguration;
			buildSettings = {
				ALWAYS_EMBED_SWIFT_STANDARD_LIBRARIES = YES;
				CODE_SIGN_STYLE = Automatic;
				INFOPLIST_FILE = MGAlertPresenterUITests/Info.plist;
				LD_RUNPATH_SEARCH_PATHS = (
					"$(inherited)",
					"@executable_path/Frameworks",
					"@loader_path/Frameworks",
				);
				PRODUCT_BUNDLE_IDENTIFIER = com.cogicx.MGAlertPresenterUITests;
				PRODUCT_NAME = "$(TARGET_NAME)";
				SWIFT_VERSION = 4.0;
				TARGETED_DEVICE_FAMILY = "1,2";
				TEST_TARGET_NAME = MGAlertPresenter;
			};
			name = Release;
		};
/* End XCBuildConfiguration section */

/* Begin XCConfigurationList section */
		3A6B89B8214A037A003F5323 /* Build configuration list for PBXProject "MGAlertPresenter" */ = {
			isa = XCConfigurationList;
			buildConfigurations = (
				3A6B89E3214A037B003F5323 /* Debug */,
				3A6B89E4214A037B003F5323 /* Release */,
			);
			defaultConfigurationIsVisible = 0;
			defaultConfigurationName = Release;
		};
		3A6B89E5214A037B003F5323 /* Build configuration list for PBXNativeTarget "MGAlertPresenter" */ = {
			isa = XCConfigurationList;
			buildConfigurations = (
				3A6B89E6214A037B003F5323 /* Debug */,
				3A6B89E7214A037B003F5323 /* Release */,
			);
			defaultConfigurationIsVisible = 0;
			defaultConfigurationName = Release;
		};
		3A6B89E8214A037B003F5323 /* Build configuration list for PBXNativeTarget "MGAlertPresenterTests" */ = {
			isa = XCConfigurationList;
			buildConfigurations = (
				3A6B89E9214A037B003F5323 /* Debug */,
				3A6B89EA214A037B003F5323 /* Release */,
			);
			defaultConfigurationIsVisible = 0;
			defaultConfigurationName = Release;
		};
		3A6B89EB214A037B003F5323 /* Build configuration list for PBXNativeTarget "MGAlertPresenterUITests" */ = {
			isa = XCConfigurationList;
			buildConfigurations = (
				3A6B89EC214A037B003F5323 /* Debug */,
				3A6B89ED214A037B003F5323 /* Release */,
			);
			defaultConfigurationIsVisible = 0;
			defaultConfigurationName = Release;
		};
/* End XCConfigurationList section */
	};
	rootObject = 3A6B89B5214A037A003F5323 /* Project object */;
}
